
Microsoft Visual Studio Solution File, Format Version 12.00
# Visual Studio Version 17
VisualStudioVersion = 17.8.34511.84
MinimumVisualStudioVersion = 10.0.40219.1
Project("{FAE04EC0-301F-11D3-BF4B-00C04F79EFBC}") = "BlogSite", "BlogSite\BlogSite.csproj", "{A33E97B2-115C-4D35-AF4F-6762BB55E92A}"
EndProject
Project("{FAE04EC0-301F-11D3-BF4B-00C04F79EFBC}") = "EntityLayer", "EntityLayer\EntityLayer.csproj", "{27A2BCB9-50B9-407F-A39B-4D6FF1DBCCA0}"
EndProject
Project("{FAE04EC0-301F-11D3-BF4B-00C04F79EFBC}") = "DataAcceessLayer", "DataAcceessLayer\DataAcceessLayer.csproj", "{E232D117-E5B7-44AD-B475-F49A50A9DE32}"
EndProject
Project("{FAE04EC0-301F-11D3-BF4B-00C04F79EFBC}") = "BusinessLayer", "BusinessLayer\BusinessLayer.csproj", "{6045FEED-1DC7-495E-AFC8-F928D1A22CA6}"
EndProject
Global
	GlobalSection(SolutionConfigurationPlatforms) = preSolution
		Debug|Any CPU = Debug|Any CPU
		Release|Any CPU = Release|Any CPU
	EndGlobalSection
	GlobalSection(ProjectConfigurationPlatforms) = postSolution
		{A33E97B2-115C-4D35-AF4F-6762BB55E92A}.Debug|Any CPU.ActiveCfg = Debug|Any CPU
		{A33E97B2-115C-4D35-AF4F-6762BB55E92A}.Debug|Any CPU.Build.0 = Debug|Any CPU
		{A33E97B2-115C-4D35-AF4F-6762BB55E92A}.Release|Any CPU.ActiveCfg = Release|Any CPU
		{A33E97B2-115C-4D35-AF4F-6762BB55E92A}.Release|Any CPU.Build.0 = Release|Any CPU
		{27A2BCB9-50B9-407F-A39B-4D6FF1DBCCA0}.Debug|Any CPU.ActiveCfg = Debug|Any CPU
		{27A2BCB9-50B9-407F-A39B-4D6FF1DBCCA0}.Debug|Any CPU.Build.0 = Debug|Any CPU
		{27A2BCB9-50B9-407F-A39B-4D6FF1DBCCA0}.Release|Any CPU.ActiveCfg = Release|Any CPU
		{27A2BCB9-50B9-407F-A39B-4D6FF1DBCCA0}.Release|Any CPU.Build.0 = Release|Any CPU
		{E232D117-E5B7-44AD-B475-F49A50A9DE32}.Debug|Any CPU.ActiveCfg = Debug|Any CPU
		{E232D117-E5B7-44AD-B475-F49A50A9DE32}.Debug|Any CPU.Build.0 = Debug|Any CPU
		{E232D117-E5B7-44AD-B475-F49A50A9DE32}.Release|Any CPU.ActiveCfg = Release|Any CPU
		{E232D117-E5B7-44AD-B475-F49A50A9DE32}.Release|Any CPU.Build.0 = Release|Any CPU
		{6045FEED-1DC7-495E-AFC8-F928D1A22CA6}.Debug|Any CPU.ActiveCfg = Debug|Any CPU
		{6045FEED-1DC7-495E-AFC8-F928D1A22CA6}.Debug|Any CPU.Build.0 = Debug|Any CPU
		{6045FEED-1DC7-495E-AFC8-F928D1A22CA6}.Release|Any CPU.ActiveCfg = Release|Any CPU
		{6045FEED-1DC7-495E-AFC8-F928D1A22CA6}.Release|Any CPU.Build.0 = Release|Any CPU
	EndGlobalSection
	GlobalSection(SolutionProperties) = preSolution
		HideSolutionNode = FALSE
	EndGlobalSection
	GlobalSection(ExtensibilityGlobals) = postSolution
		SolutionGuid = {B2DE9289-CE4C-425C-9EE2-1C2B414F17D8}
	EndGlobalSection
EndGlobal
